
Microsoft Visual Studio Solution File, Format Version 12.00
# Visual Studio Version 16
VisualStudioVersion = 16.0.30225.117
MinimumVisualStudioVersion = 10.0.40219.1
Project("{FAE04EC0-301F-11D3-BF4B-00C04F79EFBC}") = "ConsoleApp1", "ConsoleApp1\ConsoleApp1.csproj", "{35588714-BEE0-4BC7-AA68-73E779239027}"
EndProject
Global
	GlobalSection(SolutionConfigurationPlatforms) = preSolution
		Debug|Any CPU = Debug|Any CPU
		Release|Any CPU = Release|Any CPU
	EndGlobalSection
	GlobalSection(ProjectConfigurationPlatforms) = postSolution
		{35588714-BEE0-4BC7-AA68-73E779239027}.Debug|Any CPU.ActiveCfg = Debug|Any CPU
		{35588714-BEE0-4BC7-AA68-73E779239027}.Debug|Any CPU.Build.0 = Debug|Any CPU
		{35588714-BEE0-4BC7-AA68-73E779239027}.Release|Any CPU.ActiveCfg = Release|Any CPU
		{35588714-BEE0-4BC7-AA68-73E779239027}.Release|Any CPU.Build.0 = Release|Any CPU
	EndGlobalSection
	GlobalSection(SolutionProperties) = preSolution
		HideSolutionNode = FALSE
	EndGlobalSection
	GlobalSection(ExtensibilityGlobals) = postSolution
		SolutionGuid = {0A9405B7-4461-40C8-89EE-6C8906DBBDDE}
	EndGlobalSection
EndGlobal
