
Microsoft Visual Studio Solution File, Format Version 12.00
# Visual Studio Version 16
VisualStudioVersion = 16.0.30225.117
MinimumVisualStudioVersion = 10.0.40219.1
Project("{FAE04EC0-301F-11D3-BF4B-00C04F79EFBC}") = "Quiz01", "Quiz01\Quiz01.csproj", "{110C25F4-2373-4E4A-B255-0D14416D4278}"
EndProject
Global
	GlobalSection(SolutionConfigurationPlatforms) = preSolution
		Debug|Any CPU = Debug|Any CPU
		Release|Any CPU = Release|Any CPU
	EndGlobalSection
	GlobalSection(ProjectConfigurationPlatforms) = postSolution
		{110C25F4-2373-4E4A-B255-0D14416D4278}.Debug|Any CPU.ActiveCfg = Debug|Any CPU
		{110C25F4-2373-4E4A-B255-0D14416D4278}.Debug|Any CPU.Build.0 = Debug|Any CPU
		{110C25F4-2373-4E4A-B255-0D14416D4278}.Release|Any CPU.ActiveCfg = Release|Any CPU
		{110C25F4-2373-4E4A-B255-0D14416D4278}.Release|Any CPU.Build.0 = Release|Any CPU
	EndGlobalSection
	GlobalSection(SolutionProperties) = preSolution
		HideSolutionNode = FALSE
	EndGlobalSection
	GlobalSection(ExtensibilityGlobals) = postSolution
		SolutionGuid = {95DB98CF-4AA0-4423-AA3B-74ADBA0FD15B}
	EndGlobalSection
EndGlobal
